
Microsoft Visual Studio Solution File, Format Version 12.00
# Visual Studio Version 17
VisualStudioVersion = 17.8.34309.116
MinimumVisualStudioVersion = 10.0.40219.1
Project("{00D1A9C2-B5F0-4AF3-8072-F6C62B433612}") = "ShopDB", "src\ShopDB\ShopDB.sqlproj", "{48B368CC-F874-4273-9A9E-FA98AC41B70A}"
EndProject
Project("{9A19103F-16F7-4668-BE54-9A1E7A4F7556}") = "DataAccess", "src\DataAccess\DataAccess.csproj", "{A885C83F-8665-4471-A9F2-AFA85CC23785}"
EndProject
Project("{FAE04EC0-301F-11D3-BF4B-00C04F79EFBC}") = "MinimalAPI-dapper", "src\MinimalAPI-dapper\MinimalAPI-dapper.csproj", "{432F2A9A-717B-48ED-A1D6-73582BAB0428}"
EndProject
Global
	GlobalSection(SolutionConfigurationPlatforms) = preSolution
		Debug|Any CPU = Debug|Any CPU
		Release|Any CPU = Release|Any CPU
	EndGlobalSection
	GlobalSection(ProjectConfigurationPlatforms) = postSolution
		{48B368CC-F874-4273-9A9E-FA98AC41B70A}.Debug|Any CPU.ActiveCfg = Debug|Any CPU
		{48B368CC-F874-4273-9A9E-FA98AC41B70A}.Debug|Any CPU.Build.0 = Debug|Any CPU
		{48B368CC-F874-4273-9A9E-FA98AC41B70A}.Debug|Any CPU.Deploy.0 = Debug|Any CPU
		{48B368CC-F874-4273-9A9E-FA98AC41B70A}.Release|Any CPU.ActiveCfg = Release|Any CPU
		{48B368CC-F874-4273-9A9E-FA98AC41B70A}.Release|Any CPU.Build.0 = Release|Any CPU
		{48B368CC-F874-4273-9A9E-FA98AC41B70A}.Release|Any CPU.Deploy.0 = Release|Any CPU
		{A885C83F-8665-4471-A9F2-AFA85CC23785}.Debug|Any CPU.ActiveCfg = Debug|Any CPU
		{A885C83F-8665-4471-A9F2-AFA85CC23785}.Debug|Any CPU.Build.0 = Debug|Any CPU
		{A885C83F-8665-4471-A9F2-AFA85CC23785}.Release|Any CPU.ActiveCfg = Release|Any CPU
		{A885C83F-8665-4471-A9F2-AFA85CC23785}.Release|Any CPU.Build.0 = Release|Any CPU
		{432F2A9A-717B-48ED-A1D6-73582BAB0428}.Debug|Any CPU.ActiveCfg = Debug|Any CPU
		{432F2A9A-717B-48ED-A1D6-73582BAB0428}.Debug|Any CPU.Build.0 = Debug|Any CPU
		{432F2A9A-717B-48ED-A1D6-73582BAB0428}.Release|Any CPU.ActiveCfg = Release|Any CPU
		{432F2A9A-717B-48ED-A1D6-73582BAB0428}.Release|Any CPU.Build.0 = Release|Any CPU
	EndGlobalSection
	GlobalSection(SolutionProperties) = preSolution
		HideSolutionNode = FALSE
	EndGlobalSection
	GlobalSection(ExtensibilityGlobals) = postSolution
		SolutionGuid = {4C3905C3-D268-44A4-99BB-2A90B008384F}
	EndGlobalSection
EndGlobal
